
Microsoft Visual Studio Solution File, Format Version 12.00
# Visual Studio Version 17
VisualStudioVersion = 17.10.35122.118
MinimumVisualStudioVersion = 10.0.40219.1
Project("{9A19103F-16F7-4668-BE54-9A1E7A4F7556}") = "BTL_WEB_BAN_DT", "BTL_WEB_BAN_DT.csproj", "{D872703C-3300-4A20-AE6D-EF5BABD7F8FE}"
EndProject
Global
	GlobalSection(SolutionConfigurationPlatforms) = preSolution
		Debug|Any CPU = Debug|Any CPU
		Release|Any CPU = Release|Any CPU
	EndGlobalSection
	GlobalSection(ProjectConfigurationPlatforms) = postSolution
		{D872703C-3300-4A20-AE6D-EF5BABD7F8FE}.Debug|Any CPU.ActiveCfg = Debug|Any CPU
		{D872703C-3300-4A20-AE6D-EF5BABD7F8FE}.Debug|Any CPU.Build.0 = Debug|Any CPU
		{D872703C-3300-4A20-AE6D-EF5BABD7F8FE}.Release|Any CPU.ActiveCfg = Release|Any CPU
		{D872703C-3300-4A20-AE6D-EF5BABD7F8FE}.Release|Any CPU.Build.0 = Release|Any CPU
	EndGlobalSection
	GlobalSection(SolutionProperties) = preSolution
		HideSolutionNode = FALSE
	EndGlobalSection
	GlobalSection(ExtensibilityGlobals) = postSolution
		SolutionGuid = {EC4DB631-B4DB-4E12-B662-051E3482A477}
	EndGlobalSection
EndGlobal
